
Microsoft Visual Studio Solution File, Format Version 12.00
# Visual Studio Version 16
VisualStudioVersion = 16.0.31005.135
MinimumVisualStudioVersion = 10.0.40219.1
Project("{9A19103F-16F7-4668-BE54-9A1E7A4F7556}") = "ADOPM3_05_01", "ADOPM3_05_01\ADOPM3_05_01.csproj", "{FA01C3FE-615A-438D-B310-FAC31259DCFC}"
EndProject
Project("{9A19103F-16F7-4668-BE54-9A1E7A4F7556}") = "ADOPM3_05_02", "ADOPM3_05_02\ADOPM3_05_02.csproj", "{6342492B-1FEF-47DA-8937-949D81B57969}"
EndProject
Project("{9A19103F-16F7-4668-BE54-9A1E7A4F7556}") = "ADOPM3_05_03", "ADOPM3_05_03\ADOPM3_05_03.csproj", "{910E765D-8609-4851-898B-6D575096B7B8}"
EndProject
Project("{9A19103F-16F7-4668-BE54-9A1E7A4F7556}") = "ADOPM3_05_04", "ADOPM3_05_04\ADOPM3_05_04.csproj", "{D9D8D90C-4B34-47C2-ACB8-CE5B83776EF4}"
EndProject
Project("{9A19103F-16F7-4668-BE54-9A1E7A4F7556}") = "ADOPM3_05_06", "ADOPM3_05_06\ADOPM3_05_06.csproj", "{F2598BDE-AF95-4ED0-B279-1A3955AE9246}"
EndProject
Project("{9A19103F-16F7-4668-BE54-9A1E7A4F7556}") = "ADOPM3_05_07", "ADOPM3_05_07\ADOPM3_05_07.csproj", "{37E6FA19-B6B2-4BF1-B9BB-70CC804BD5E2}"
EndProject
Project("{9A19103F-16F7-4668-BE54-9A1E7A4F7556}") = "ADOPM3_05_08", "ADOPM3_05_08\ADOPM3_05_08.csproj", "{D0E18234-9EB0-4479-BE45-FF6A9AAE909C}"
EndProject
Project("{9A19103F-16F7-4668-BE54-9A1E7A4F7556}") = "ADOPM3_05_09", "ADOPM3_05_09\ADOPM3_05_09.csproj", "{5C2E48CD-D7FD-4E64-98E7-B7F161F85DBF}"
EndProject
Project("{9A19103F-16F7-4668-BE54-9A1E7A4F7556}") = "ADOPM3_05_10", "ADOPM3_05_10\ADOPM3_05_10.csproj", "{03AF21FC-C535-48D3-BA4E-D266E0BC7720}"
EndProject
Project("{9A19103F-16F7-4668-BE54-9A1E7A4F7556}") = "ADOPM3_05_11", "ADOPM3_05_11\ADOPM3_05_11.csproj", "{2F30260F-81C0-42BF-B476-1FBC6BE0E853}"
EndProject
Global
	GlobalSection(SolutionConfigurationPlatforms) = preSolution
		Debug|Any CPU = Debug|Any CPU
		Release|Any CPU = Release|Any CPU
	EndGlobalSection
	GlobalSection(ProjectConfigurationPlatforms) = postSolution
		{FA01C3FE-615A-438D-B310-FAC31259DCFC}.Debug|Any CPU.ActiveCfg = Debug|Any CPU
		{FA01C3FE-615A-438D-B310-FAC31259DCFC}.Debug|Any CPU.Build.0 = Debug|Any CPU
		{FA01C3FE-615A-438D-B310-FAC31259DCFC}.Release|Any CPU.ActiveCfg = Release|Any CPU
		{FA01C3FE-615A-438D-B310-FAC31259DCFC}.Release|Any CPU.Build.0 = Release|Any CPU
		{6342492B-1FEF-47DA-8937-949D81B57969}.Debug|Any CPU.ActiveCfg = Debug|Any CPU
		{6342492B-1FEF-47DA-8937-949D81B57969}.Debug|Any CPU.Build.0 = Debug|Any CPU
		{6342492B-1FEF-47DA-8937-949D81B57969}.Release|Any CPU.ActiveCfg = Release|Any CPU
		{6342492B-1FEF-47DA-8937-949D81B57969}.Release|Any CPU.Build.0 = Release|Any CPU
		{910E765D-8609-4851-898B-6D575096B7B8}.Debug|Any CPU.ActiveCfg = Debug|Any CPU
		{910E765D-8609-4851-898B-6D575096B7B8}.Debug|Any CPU.Build.0 = Debug|Any CPU
		{910E765D-8609-4851-898B-6D575096B7B8}.Release|Any CPU.ActiveCfg = Release|Any CPU
		{910E765D-8609-4851-898B-6D575096B7B8}.Release|Any CPU.Build.0 = Release|Any CPU
		{D9D8D90C-4B34-47C2-ACB8-CE5B83776EF4}.Debug|Any CPU.ActiveCfg = Debug|Any CPU
		{D9D8D90C-4B34-47C2-ACB8-CE5B83776EF4}.Debug|Any CPU.Build.0 = Debug|Any CPU
		{D9D8D90C-4B34-47C2-ACB8-CE5B83776EF4}.Release|Any CPU.ActiveCfg = Release|Any CPU
		{D9D8D90C-4B34-47C2-ACB8-CE5B83776EF4}.Release|Any CPU.Build.0 = Release|Any CPU
		{F2598BDE-AF95-4ED0-B279-1A3955AE9246}.Debug|Any CPU.ActiveCfg = Debug|Any CPU
		{F2598BDE-AF95-4ED0-B279-1A3955AE9246}.Debug|Any CPU.Build.0 = Debug|Any CPU
		{F2598BDE-AF95-4ED0-B279-1A3955AE9246}.Release|Any CPU.ActiveCfg = Release|Any CPU
		{F2598BDE-AF95-4ED0-B279-1A3955AE9246}.Release|Any CPU.Build.0 = Release|Any CPU
		{37E6FA19-B6B2-4BF1-B9BB-70CC804BD5E2}.Debug|Any CPU.ActiveCfg = Debug|Any CPU
		{37E6FA19-B6B2-4BF1-B9BB-70CC804BD5E2}.Debug|Any CPU.Build.0 = Debug|Any CPU
		{37E6FA19-B6B2-4BF1-B9BB-70CC804BD5E2}.Release|Any CPU.ActiveCfg = Release|Any CPU
		{37E6FA19-B6B2-4BF1-B9BB-70CC804BD5E2}.Release|Any CPU.Build.0 = Release|Any CPU
		{D0E18234-9EB0-4479-BE45-FF6A9AAE909C}.Debug|Any CPU.ActiveCfg = Debug|Any CPU
		{D0E18234-9EB0-4479-BE45-FF6A9AAE909C}.Debug|Any CPU.Build.0 = Debug|Any CPU
		{D0E18234-9EB0-4479-BE45-FF6A9AAE909C}.Release|Any CPU.ActiveCfg = Release|Any CPU
		{D0E18234-9EB0-4479-BE45-FF6A9AAE909C}.Release|Any CPU.Build.0 = Release|Any CPU
		{5C2E48CD-D7FD-4E64-98E7-B7F161F85DBF}.Debug|Any CPU.ActiveCfg = Debug|Any CPU
		{5C2E48CD-D7FD-4E64-98E7-B7F161F85DBF}.Debug|Any CPU.Build.0 = Debug|Any CPU
		{5C2E48CD-D7FD-4E64-98E7-B7F161F85DBF}.Release|Any CPU.ActiveCfg = Release|Any CPU
		{5C2E48CD-D7FD-4E64-98E7-B7F161F85DBF}.Release|Any CPU.Build.0 = Release|Any CPU
		{03AF21FC-C535-48D3-BA4E-D266E0BC7720}.Debug|Any CPU.ActiveCfg = Debug|Any CPU
		{03AF21FC-C535-48D3-BA4E-D266E0BC7720}.Debug|Any CPU.Build.0 = Debug|Any CPU
		{03AF21FC-C535-48D3-BA4E-D266E0BC7720}.Release|Any CPU.ActiveCfg = Release|Any CPU
		{03AF21FC-C535-48D3-BA4E-D266E0BC7720}.Release|Any CPU.Build.0 = Release|Any CPU
		{2F30260F-81C0-42BF-B476-1FBC6BE0E853}.Debug|Any CPU.ActiveCfg = Debug|Any CPU
		{2F30260F-81C0-42BF-B476-1FBC6BE0E853}.Debug|Any CPU.Build.0 = Debug|Any CPU
		{2F30260F-81C0-42BF-B476-1FBC6BE0E853}.Release|Any CPU.ActiveCfg = Release|Any CPU
		{2F30260F-81C0-42BF-B476-1FBC6BE0E853}.Release|Any CPU.Build.0 = Release|Any CPU
	EndGlobalSection
	GlobalSection(SolutionProperties) = preSolution
		HideSolutionNode = FALSE
	EndGlobalSection
	GlobalSection(ExtensibilityGlobals) = postSolution
		SolutionGuid = {82879F6D-1C1B-4C96-B471-92A3039CD818}
	EndGlobalSection
EndGlobal
